{
  "name": "algebra1",
  "lockfileVersion": 3,
  "requires": true,
  "packages": {
    "": {
      "dependencies": {
        "logseq": "^0.0.5"
      }
    },
    "node_modules/logseq": {
      "version": "0.0.5",
      "resolved": "https://registry.npmjs.org/logseq/-/logseq-0.0.5.tgz",
      "integrity": "sha512-CxGDlR+xOo+nbgHfeIOHQqE8MzGJRy3oko5UkqvZ5WsNJbBUr4LptsmNKw1qnpdrouvazIzcOdnDl5LJTVNyiw==",
      "license": "MIT"
    }
  }
}
